
Microsoft Visual Studio Solution File, Format Version 12.00
# Visual Studio 15
VisualStudioVersion = 15.0.27428.2043
MinimumVisualStudioVersion = 10.0.40219.1
Project("{888888A0-9F3D-457C-B088-3A5042F75D52}") = "Trabalho2ORI", "Trabalho2ORI\Trabalho2ORI.pyproj", "{2E1197A2-9A85-485A-A97C-3AA3F432B4AC}"
EndProject
Global
	GlobalSection(SolutionConfigurationPlatforms) = preSolution
		Debug|Any CPU = Debug|Any CPU
		Release|Any CPU = Release|Any CPU
	EndGlobalSection
	GlobalSection(ProjectConfigurationPlatforms) = postSolution
		{2E1197A2-9A85-485A-A97C-3AA3F432B4AC}.Debug|Any CPU.ActiveCfg = Debug|Any CPU
		{2E1197A2-9A85-485A-A97C-3AA3F432B4AC}.Release|Any CPU.ActiveCfg = Release|Any CPU
	EndGlobalSection
	GlobalSection(SolutionProperties) = preSolution
		HideSolutionNode = FALSE
	EndGlobalSection
	GlobalSection(ExtensibilityGlobals) = postSolution
		SolutionGuid = {8A7A553E-9E32-477B-8B22-C344DE217A3D}
	EndGlobalSection
EndGlobal
